<?xml version="1.0" encoding="utf-8"?>
<Project ToolsVersion="4.0" xmlns="http://schemas.microsoft.com/developer/msbuild/2003">
  <ItemGroup>
    <ClCompile Include="main.cpp" />
    <ClCompile Include="CPPGame\Common\BaseApplication.cpp">
      <Filter>src\Common</Filter>
    </ClCompile>
    <ClCompile Include="CPPGame\Common\GamePlatform-win32.cpp">
      <Filter>src\Common</Filter>
    </ClCompile>
    <ClCompile Include="CPPGame\Common\GamePlatform-opengl.h">
      <Filter>src\Common</Filter>
    </ClCompile>
    <ClCompile Include="CPPGame\Common\GamePlatform-opengl.cpp">
      <Filter>src\Common</Filter>
    </ClCompile>
    <ClCompile Include="CPPGame\External\glad\src\glad.c">
      <Filter>src\External\glad\src</Filter>
    </ClCompile>
    <ClCompile Include="CPPGame\Renderer\SpriteRenderer.cpp">
      <Filter>src\Renderer</Filter>
    </ClCompile>
    <ClCompile Include="CPPGame\Renderer\GameObject.cpp">
      <Filter>src\Renderer</Filter>
    </ClCompile>
    <ClCompile Include="CPPGame\Renderer\Shader.cpp">
      <Filter>src\Renderer</Filter>
    </ClCompile>
    <ClCompile Include="CPPGame\Renderer\Texture2D.cpp">
      <Filter>src\Renderer</Filter>
    </ClCompile>
    <ClCompile Include="CPPGame\Renderer\ResourceManager.cpp">
      <Filter>src\Renderer</Filter>
    </ClCompile>
    <ClCompile Include="CPPGame\Renderer\GameScene.cpp">
      <Filter>src\Renderer</Filter>
    </ClCompile>
    <ClCompile Include="CPPGame\Renderer\Component.cpp">
      <Filter>src\Renderer</Filter>
    </ClCompile>
    <ClCompile Include="CPPGame\Renderer\Transform.cpp">
      <Filter>src\Renderer</Filter>
    </ClCompile>
    <ClCompile Include="CPPGame\Renderer\TextRenderer.cpp">
      <Filter>src\Renderer</Filter>
    </ClCompile>
    <ClCompile Include="CPPGame\Renderer\Camera.cpp">
      <Filter>src\Renderer</Filter>
    </ClCompile>
  </ItemGroup>
  <ItemGroup>
    <ClInclude Include="config.h" />
    <ClInclude Include="CPPGame\Interface\IApplication .h">
      <Filter>src\Interface</Filter>
    </ClInclude>
    <ClInclude Include="CPPGame\Interface\IRuntimeModule.h">
      <Filter>src\Interface</Filter>
    </ClInclude>
    <ClInclude Include="CPPGame\Common\GfxConfiguration.h">
      <Filter>src\Common</Filter>
    </ClInclude>
    <ClInclude Include="CPPGame\Common\GamePlatform-win32.h">
      <Filter>src\Common</Filter>
    </ClInclude>
    <ClInclude Include="CPPGame\Common\BaseApplication.h">
      <Filter>src\Common</Filter>
    </ClInclude>
    <ClInclude Include="CPPGame\Common\Input.h">
      <Filter>src\Common</Filter>
    </ClInclude>
    <ClInclude Include="CPPGame\Renderer\SpriteRenderer.h">
      <Filter>src\Renderer</Filter>
    </ClInclude>
    <ClInclude Include="CPPGame\Renderer\BaseRenderer.h">
      <Filter>src\Renderer</Filter>
    </ClInclude>
    <ClInclude Include="CPPGame\Renderer\GameObject.h">
      <Filter>src\Renderer</Filter>
    </ClInclude>
    <ClInclude Include="CPPGame\Renderer\Shader.h">
      <Filter>src\Renderer</Filter>
    </ClInclude>
    <ClInclude Include="CPPGame\Renderer\Texture2D.h">
      <Filter>src\Renderer</Filter>
    </ClInclude>
    <ClInclude Include="CPPGame\Renderer\ResourceManager.h">
      <Filter>src\Renderer</Filter>
    </ClInclude>
    <ClInclude Include="CPPGame\Renderer\GameScene.h">
      <Filter>src\Renderer</Filter>
    </ClInclude>
    <ClInclude Include="CPPGame\Renderer\Component.h">
      <Filter>src\Renderer</Filter>
    </ClInclude>
    <ClInclude Include="CPPGame\Renderer\Node.h">
      <Filter>src\Renderer</Filter>
    </ClInclude>
    <ClInclude Include="CPPGame\Renderer\ClassIDs.h">
      <Filter>src\Renderer</Filter>
    </ClInclude>
    <ClInclude Include="CPPGame\Renderer\Transform.h">
      <Filter>src\Renderer</Filter>
    </ClInclude>
    <ClInclude Include="CPPGame\Renderer\TextRenderer.h">
      <Filter>src\Renderer</Filter>
    </ClInclude>
    <ClInclude Include="CPPGame\Renderer\Camera.h">
      <Filter>src\Renderer</Filter>
    </ClInclude>
    <ClInclude Include="CPPGame\OpenGLDebug.h">
      <Filter>src</Filter>
    </ClInclude>
  </ItemGroup>
  <ItemGroup>
    <Filter Include="res">
      <UniqueIdentifier>{ec728a94-f0e9-463a-8c4d-dcf02032678e}</UniqueIdentifier>
    </Filter>
    <Filter Include="src">
      <UniqueIdentifier>{9b9d53a3-8129-4f0b-836a-b024c9588586}</UniqueIdentifier>
    </Filter>
    <Filter Include="src\Interface">
      <UniqueIdentifier>{f1d3a59a-df6f-4667-bb34-0ab6e6ee6a34}</UniqueIdentifier>
    </Filter>
    <Filter Include="src\Common">
      <UniqueIdentifier>{3f4fa5e7-6d0d-4dbd-8a8a-35424f9e8eae}</UniqueIdentifier>
    </Filter>
    <Filter Include="src\External">
      <UniqueIdentifier>{af04acb5-c168-4d1d-9419-c937c05dc768}</UniqueIdentifier>
    </Filter>
    <Filter Include="src\External\glad">
      <UniqueIdentifier>{f0319094-afc8-4433-a232-72b8e65051f5}</UniqueIdentifier>
    </Filter>
    <Filter Include="src\External\glad\src">
      <UniqueIdentifier>{0bd764c0-7c69-4787-9828-3661200064e7}</UniqueIdentifier>
    </Filter>
    <Filter Include="src\Renderer">
      <UniqueIdentifier>{57cf2674-803b-4a38-bc99-615cdc332827}</UniqueIdentifier>
    </Filter>
    <Filter Include="src\Renderer\shaders">
      <UniqueIdentifier>{99e74fc6-0d08-4faa-aec9-1efd1a05f4b2}</UniqueIdentifier>
    </Filter>
  </ItemGroup>
  <ItemGroup>
    <None Include="CPPGame\Renderer\shaders\Default.vs">
      <Filter>src\Renderer\shaders</Filter>
    </None>
    <None Include="CPPGame\Renderer\shaders\Default.flag">
      <Filter>src\Renderer\shaders</Filter>
    </None>
    <None Include="CPPGame\Renderer\shaders\DefaultText.flag">
      <Filter>src\Renderer\shaders</Filter>
    </None>
    <None Include="CPPGame\Renderer\shaders\DefaultText.vs">
      <Filter>src\Renderer\shaders</Filter>
    </None>
  </ItemGroup>
</Project>